
Microsoft Visual Studio Solution File, Format Version 12.00
# Visual Studio Version 17
VisualStudioVersion = 17.12.35527.113 d17.12
MinimumVisualStudioVersion = 10.0.40219.1
Project("{2150E333-8FDC-42A3-9474-1A3956D46DE8}") = "src", "src", "{AD64DB07-EF17-4661-84D8-157F9F898C3E}"
EndProject
Project("{FAE04EC0-301F-11D3-BF4B-00C04F79EFBC}") = "BeautyClinic.API", "src\BeautyClinic.API\BeautyClinic.API.csproj", "{8E513EF5-9631-476A-8AE6-230D3CB80827}"
EndProject
Global
	GlobalSection(SolutionConfigurationPlatforms) = preSolution
		Debug|Any CPU = Debug|Any CPU
		Release|Any CPU = Release|Any CPU
	EndGlobalSection
	GlobalSection(ProjectConfigurationPlatforms) = postSolution
		{8E513EF5-9631-476A-8AE6-230D3CB80827}.Debug|Any CPU.ActiveCfg = Debug|Any CPU
		{8E513EF5-9631-476A-8AE6-230D3CB80827}.Debug|Any CPU.Build.0 = Debug|Any CPU
		{8E513EF5-9631-476A-8AE6-230D3CB80827}.Release|Any CPU.ActiveCfg = Release|Any CPU
		{8E513EF5-9631-476A-8AE6-230D3CB80827}.Release|Any CPU.Build.0 = Release|Any CPU
	EndGlobalSection
	GlobalSection(SolutionProperties) = preSolution
		HideSolutionNode = FALSE
	EndGlobalSection
	GlobalSection(NestedProjects) = preSolution
		{8E513EF5-9631-476A-8AE6-230D3CB80827} = {AD64DB07-EF17-4661-84D8-157F9F898C3E}
	EndGlobalSection
EndGlobal
